
Microsoft Visual Studio Solution File, Format Version 12.00
# Visual Studio 15
VisualStudioVersion = 15.0.28307.2017
MinimumVisualStudioVersion = 10.0.40219.1
Project("{8BC9CEB8-8B4A-11D0-8D11-00A0C91BC942}") = "20220629_CalibrateCamera01", "20220629_CalibrateCamera01\20220629_CalibrateCamera01.vcxproj", "{5C13FD11-1C0D-45CD-9922-89D709E9C82A}"
EndProject
Global
	GlobalSection(SolutionConfigurationPlatforms) = preSolution
		Debug|x64 = Debug|x64
		Debug|x86 = Debug|x86
		Release|x64 = Release|x64
		Release|x86 = Release|x86
	EndGlobalSection
	GlobalSection(ProjectConfigurationPlatforms) = postSolution
		{5C13FD11-1C0D-45CD-9922-89D709E9C82A}.Debug|x64.ActiveCfg = Debug|x64
		{5C13FD11-1C0D-45CD-9922-89D709E9C82A}.Debug|x64.Build.0 = Debug|x64
		{5C13FD11-1C0D-45CD-9922-89D709E9C82A}.Debug|x86.ActiveCfg = Debug|Win32
		{5C13FD11-1C0D-45CD-9922-89D709E9C82A}.Debug|x86.Build.0 = Debug|Win32
		{5C13FD11-1C0D-45CD-9922-89D709E9C82A}.Release|x64.ActiveCfg = Release|x64
		{5C13FD11-1C0D-45CD-9922-89D709E9C82A}.Release|x64.Build.0 = Release|x64
		{5C13FD11-1C0D-45CD-9922-89D709E9C82A}.Release|x86.ActiveCfg = Release|Win32
		{5C13FD11-1C0D-45CD-9922-89D709E9C82A}.Release|x86.Build.0 = Release|Win32
	EndGlobalSection
	GlobalSection(SolutionProperties) = preSolution
		HideSolutionNode = FALSE
	EndGlobalSection
	GlobalSection(ExtensibilityGlobals) = postSolution
		SolutionGuid = {88A898D1-DC6F-4F83-B0F1-6DA2E4C6343C}
	EndGlobalSection
EndGlobal
